
Microsoft Visual Studio Solution File, Format Version 12.00
# Visual Studio 14
VisualStudioVersion = 14.0.25420.1
MinimumVisualStudioVersion = 10.0.40219.1
Project("{FAE04EC0-301F-11D3-BF4B-00C04F79EFBC}") = "WSServimeterSGS", "WSServimeterSGS\WSServimeterSGS.csproj", "{24CDB8F1-ED6E-4D3E-BD21-CCE74CF83FCC}"
EndProject
Project("{FAE04EC0-301F-11D3-BF4B-00C04F79EFBC}") = "XamarinForms.PortableXaml", "XamarinForms.PortableXaml\XamarinForms.PortableXaml\XamarinForms.PortableXaml.csproj", "{B8B36C87-EDF6-46F4-B122-B2D9609DDD38}"
EndProject
Project("{FAE04EC0-301F-11D3-BF4B-00C04F79EFBC}") = "XamarinForms.PortableXaml.Droid", "XamarinForms.PortableXaml\XamarinForms.PortableXaml.Droid\XamarinForms.PortableXaml.Droid.csproj", "{2445A6B6-A8CE-4C26-97FC-9B7FC7C0E058}"
EndProject
Project("{FAE04EC0-301F-11D3-BF4B-00C04F79EFBC}") = "XamarinForms.PortableXaml.iOS", "XamarinForms.PortableXaml\XamarinForms.PortableXaml.iOS\XamarinForms.PortableXaml.iOS.csproj", "{FEB0DF98-0997-42F1-B2D2-8EB51C2DAADD}"
EndProject
Project("{FAE04EC0-301F-11D3-BF4B-00C04F79EFBC}") = "XamarinForms.PortableXaml.UWP", "XamarinForms.PortableXaml\XamarinForms.PortableXaml.UWP\XamarinForms.PortableXaml.UWP.csproj", "{C49CE5F2-8897-4E0C-B455-DB97810164F2}"
EndProject
Project("{FAE04EC0-301F-11D3-BF4B-00C04F79EFBC}") = "XamarinForms.PortableXaml.Windows", "XamarinForms.PortableXaml\XamarinForms.PortableXaml.Windows\XamarinForms.PortableXaml.Windows.csproj", "{3BA6B028-12F0-49BF-B7C4-09B12FCC25C4}"
EndProject
Project("{FAE04EC0-301F-11D3-BF4B-00C04F79EFBC}") = "XamarinForms.PortableXaml.WinPhone", "XamarinForms.PortableXaml\XamarinForms.PortableXaml.WinPhone\XamarinForms.PortableXaml.WinPhone.csproj", "{AE79B39A-07A9-4F8C-96B6-E1E261BB9DB1}"
EndProject
Project("{FAE04EC0-301F-11D3-BF4B-00C04F79EFBC}") = "dataAccessLayer", "gea.dataaccess\dataAccessLayer.csproj", "{3C925E36-5C8E-43D4-97CF-82BA50274AB8}"
EndProject
Project("{FAE04EC0-301F-11D3-BF4B-00C04F79EFBC}") = "ModelLayer", "ModelLayer\ModelLayer.csproj", "{FA8F6CAD-9328-45D2-9B92-F7402D917F5F}"
EndProject
Global
	GlobalSection(SolutionConfigurationPlatforms) = preSolution
		Ad-Hoc|Any CPU = Ad-Hoc|Any CPU
		Ad-Hoc|ARM = Ad-Hoc|ARM
		Ad-Hoc|iPhone = Ad-Hoc|iPhone
		Ad-Hoc|iPhoneSimulator = Ad-Hoc|iPhoneSimulator
		Ad-Hoc|x64 = Ad-Hoc|x64
		Ad-Hoc|x86 = Ad-Hoc|x86
		AppStore|Any CPU = AppStore|Any CPU
		AppStore|ARM = AppStore|ARM
		AppStore|iPhone = AppStore|iPhone
		AppStore|iPhoneSimulator = AppStore|iPhoneSimulator
		AppStore|x64 = AppStore|x64
		AppStore|x86 = AppStore|x86
		Debug|Any CPU = Debug|Any CPU
		Debug|ARM = Debug|ARM
		Debug|iPhone = Debug|iPhone
		Debug|iPhoneSimulator = Debug|iPhoneSimulator
		Debug|x64 = Debug|x64
		Debug|x86 = Debug|x86
		Release|Any CPU = Release|Any CPU
		Release|ARM = Release|ARM
		Release|iPhone = Release|iPhone
		Release|iPhoneSimulator = Release|iPhoneSimulator
		Release|x64 = Release|x64
		Release|x86 = Release|x86
	EndGlobalSection
	GlobalSection(ProjectConfigurationPlatforms) = postSolution
		{24CDB8F1-ED6E-4D3E-BD21-CCE74CF83FCC}.Ad-Hoc|Any CPU.ActiveCfg = Release|Any CPU
		{24CDB8F1-ED6E-4D3E-BD21-CCE74CF83FCC}.Ad-Hoc|Any CPU.Build.0 = Release|Any CPU
		{24CDB8F1-ED6E-4D3E-BD21-CCE74CF83FCC}.Ad-Hoc|ARM.ActiveCfg = Release|Any CPU
		{24CDB8F1-ED6E-4D3E-BD21-CCE74CF83FCC}.Ad-Hoc|ARM.Build.0 = Release|Any CPU
		{24CDB8F1-ED6E-4D3E-BD21-CCE74CF83FCC}.Ad-Hoc|iPhone.ActiveCfg = Release|Any CPU
		{24CDB8F1-ED6E-4D3E-BD21-CCE74CF83FCC}.Ad-Hoc|iPhone.Build.0 = Release|Any CPU
		{24CDB8F1-ED6E-4D3E-BD21-CCE74CF83FCC}.Ad-Hoc|iPhoneSimulator.ActiveCfg = Release|Any CPU
		{24CDB8F1-ED6E-4D3E-BD21-CCE74CF83FCC}.Ad-Hoc|iPhoneSimulator.Build.0 = Release|Any CPU
		{24CDB8F1-ED6E-4D3E-BD21-CCE74CF83FCC}.Ad-Hoc|x64.ActiveCfg = Release|Any CPU
		{24CDB8F1-ED6E-4D3E-BD21-CCE74CF83FCC}.Ad-Hoc|x64.Build.0 = Release|Any CPU
		{24CDB8F1-ED6E-4D3E-BD21-CCE74CF83FCC}.Ad-Hoc|x86.ActiveCfg = Release|Any CPU
		{24CDB8F1-ED6E-4D3E-BD21-CCE74CF83FCC}.Ad-Hoc|x86.Build.0 = Release|Any CPU
		{24CDB8F1-ED6E-4D3E-BD21-CCE74CF83FCC}.AppStore|Any CPU.ActiveCfg = Release|Any CPU
		{24CDB8F1-ED6E-4D3E-BD21-CCE74CF83FCC}.AppStore|Any CPU.Build.0 = Release|Any CPU
		{24CDB8F1-ED6E-4D3E-BD21-CCE74CF83FCC}.AppStore|ARM.ActiveCfg = Release|Any CPU
		{24CDB8F1-ED6E-4D3E-BD21-CCE74CF83FCC}.AppStore|ARM.Build.0 = Release|Any CPU
		{24CDB8F1-ED6E-4D3E-BD21-CCE74CF83FCC}.AppStore|iPhone.ActiveCfg = Release|Any CPU
		{24CDB8F1-ED6E-4D3E-BD21-CCE74CF83FCC}.AppStore|iPhone.Build.0 = Release|Any CPU
		{24CDB8F1-ED6E-4D3E-BD21-CCE74CF83FCC}.AppStore|iPhoneSimulator.ActiveCfg = Release|Any CPU
		{24CDB8F1-ED6E-4D3E-BD21-CCE74CF83FCC}.AppStore|iPhoneSimulator.Build.0 = Release|Any CPU
		{24CDB8F1-ED6E-4D3E-BD21-CCE74CF83FCC}.AppStore|x64.ActiveCfg = Release|Any CPU
		{24CDB8F1-ED6E-4D3E-BD21-CCE74CF83FCC}.AppStore|x64.Build.0 = Release|Any CPU
		{24CDB8F1-ED6E-4D3E-BD21-CCE74CF83FCC}.AppStore|x86.ActiveCfg = Release|Any CPU
		{24CDB8F1-ED6E-4D3E-BD21-CCE74CF83FCC}.AppStore|x86.Build.0 = Release|Any CPU
		{24CDB8F1-ED6E-4D3E-BD21-CCE74CF83FCC}.Debug|Any CPU.ActiveCfg = Debug|Any CPU
		{24CDB8F1-ED6E-4D3E-BD21-CCE74CF83FCC}.Debug|Any CPU.Build.0 = Debug|Any CPU
		{24CDB8F1-ED6E-4D3E-BD21-CCE74CF83FCC}.Debug|ARM.ActiveCfg = Debug|Any CPU
		{24CDB8F1-ED6E-4D3E-BD21-CCE74CF83FCC}.Debug|ARM.Build.0 = Debug|Any CPU
		{24CDB8F1-ED6E-4D3E-BD21-CCE74CF83FCC}.Debug|iPhone.ActiveCfg = Debug|Any CPU
		{24CDB8F1-ED6E-4D3E-BD21-CCE74CF83FCC}.Debug|iPhone.Build.0 = Debug|Any CPU
		{24CDB8F1-ED6E-4D3E-BD21-CCE74CF83FCC}.Debug|iPhoneSimulator.ActiveCfg = Debug|Any CPU
		{24CDB8F1-ED6E-4D3E-BD21-CCE74CF83FCC}.Debug|iPhoneSimulator.Build.0 = Debug|Any CPU
		{24CDB8F1-ED6E-4D3E-BD21-CCE74CF83FCC}.Debug|x64.ActiveCfg = Debug|Any CPU
		{24CDB8F1-ED6E-4D3E-BD21-CCE74CF83FCC}.Debug|x64.Build.0 = Debug|Any CPU
		{24CDB8F1-ED6E-4D3E-BD21-CCE74CF83FCC}.Debug|x86.ActiveCfg = Debug|Any CPU
		{24CDB8F1-ED6E-4D3E-BD21-CCE74CF83FCC}.Debug|x86.Build.0 = Debug|Any CPU
		{24CDB8F1-ED6E-4D3E-BD21-CCE74CF83FCC}.Release|Any CPU.ActiveCfg = Release|Any CPU
		{24CDB8F1-ED6E-4D3E-BD21-CCE74CF83FCC}.Release|Any CPU.Build.0 = Release|Any CPU
		{24CDB8F1-ED6E-4D3E-BD21-CCE74CF83FCC}.Release|ARM.ActiveCfg = Release|Any CPU
		{24CDB8F1-ED6E-4D3E-BD21-CCE74CF83FCC}.Release|ARM.Build.0 = Release|Any CPU
		{24CDB8F1-ED6E-4D3E-BD21-CCE74CF83FCC}.Release|iPhone.ActiveCfg = Release|Any CPU
		{24CDB8F1-ED6E-4D3E-BD21-CCE74CF83FCC}.Release|iPhone.Build.0 = Release|Any CPU
		{24CDB8F1-ED6E-4D3E-BD21-CCE74CF83FCC}.Release|iPhoneSimulator.ActiveCfg = Release|Any CPU
		{24CDB8F1-ED6E-4D3E-BD21-CCE74CF83FCC}.Release|iPhoneSimulator.Build.0 = Release|Any CPU
		{24CDB8F1-ED6E-4D3E-BD21-CCE74CF83FCC}.Release|x64.ActiveCfg = Release|Any CPU
		{24CDB8F1-ED6E-4D3E-BD21-CCE74CF83FCC}.Release|x64.Build.0 = Release|Any CPU
		{24CDB8F1-ED6E-4D3E-BD21-CCE74CF83FCC}.Release|x86.ActiveCfg = Release|Any CPU
		{24CDB8F1-ED6E-4D3E-BD21-CCE74CF83FCC}.Release|x86.Build.0 = Release|Any CPU
		{B8B36C87-EDF6-46F4-B122-B2D9609DDD38}.Ad-Hoc|Any CPU.ActiveCfg = Release|Any CPU
		{B8B36C87-EDF6-46F4-B122-B2D9609DDD38}.Ad-Hoc|Any CPU.Build.0 = Release|Any CPU
		{B8B36C87-EDF6-46F4-B122-B2D9609DDD38}.Ad-Hoc|ARM.ActiveCfg = Release|Any CPU
		{B8B36C87-EDF6-46F4-B122-B2D9609DDD38}.Ad-Hoc|ARM.Build.0 = Release|Any CPU
		{B8B36C87-EDF6-46F4-B122-B2D9609DDD38}.Ad-Hoc|iPhone.ActiveCfg = Release|Any CPU
		{B8B36C87-EDF6-46F4-B122-B2D9609DDD38}.Ad-Hoc|iPhone.Build.0 = Release|Any CPU
		{B8B36C87-EDF6-46F4-B122-B2D9609DDD38}.Ad-Hoc|iPhoneSimulator.ActiveCfg = Release|Any CPU
		{B8B36C87-EDF6-46F4-B122-B2D9609DDD38}.Ad-Hoc|iPhoneSimulator.Build.0 = Release|Any CPU
		{B8B36C87-EDF6-46F4-B122-B2D9609DDD38}.Ad-Hoc|x64.ActiveCfg = Release|Any CPU
		{B8B36C87-EDF6-46F4-B122-B2D9609DDD38}.Ad-Hoc|x64.Build.0 = Release|Any CPU
		{B8B36C87-EDF6-46F4-B122-B2D9609DDD38}.Ad-Hoc|x86.ActiveCfg = Release|Any CPU
		{B8B36C87-EDF6-46F4-B122-B2D9609DDD38}.Ad-Hoc|x86.Build.0 = Release|Any CPU
		{B8B36C87-EDF6-46F4-B122-B2D9609DDD38}.AppStore|Any CPU.ActiveCfg = Release|Any CPU
		{B8B36C87-EDF6-46F4-B122-B2D9609DDD38}.AppStore|Any CPU.Build.0 = Release|Any CPU
		{B8B36C87-EDF6-46F4-B122-B2D9609DDD38}.AppStore|ARM.ActiveCfg = Release|Any CPU
		{B8B36C87-EDF6-46F4-B122-B2D9609DDD38}.AppStore|ARM.Build.0 = Release|Any CPU
		{B8B36C87-EDF6-46F4-B122-B2D9609DDD38}.AppStore|iPhone.ActiveCfg = Release|Any CPU
		{B8B36C87-EDF6-46F4-B122-B2D9609DDD38}.AppStore|iPhone.Build.0 = Release|Any CPU
		{B8B36C87-EDF6-46F4-B122-B2D9609DDD38}.AppStore|iPhoneSimulator.ActiveCfg = Release|Any CPU
		{B8B36C87-EDF6-46F4-B122-B2D9609DDD38}.AppStore|iPhoneSimulator.Build.0 = Release|Any CPU
		{B8B36C87-EDF6-46F4-B122-B2D9609DDD38}.AppStore|x64.ActiveCfg = Release|Any CPU
		{B8B36C87-EDF6-46F4-B122-B2D9609DDD38}.AppStore|x64.Build.0 = Release|Any CPU
		{B8B36C87-EDF6-46F4-B122-B2D9609DDD38}.AppStore|x86.ActiveCfg = Release|Any CPU
		{B8B36C87-EDF6-46F4-B122-B2D9609DDD38}.AppStore|x86.Build.0 = Release|Any CPU
		{B8B36C87-EDF6-46F4-B122-B2D9609DDD38}.Debug|Any CPU.ActiveCfg = Debug|Any CPU
		{B8B36C87-EDF6-46F4-B122-B2D9609DDD38}.Debug|Any CPU.Build.0 = Debug|Any CPU
		{B8B36C87-EDF6-46F4-B122-B2D9609DDD38}.Debug|ARM.ActiveCfg = Debug|Any CPU
		{B8B36C87-EDF6-46F4-B122-B2D9609DDD38}.Debug|ARM.Build.0 = Debug|Any CPU
		{B8B36C87-EDF6-46F4-B122-B2D9609DDD38}.Debug|iPhone.ActiveCfg = Debug|Any CPU
		{B8B36C87-EDF6-46F4-B122-B2D9609DDD38}.Debug|iPhone.Build.0 = Debug|Any CPU
		{B8B36C87-EDF6-46F4-B122-B2D9609DDD38}.Debug|iPhoneSimulator.ActiveCfg = Debug|Any CPU
		{B8B36C87-EDF6-46F4-B122-B2D9609DDD38}.Debug|iPhoneSimulator.Build.0 = Debug|Any CPU
		{B8B36C87-EDF6-46F4-B122-B2D9609DDD38}.Debug|x64.ActiveCfg = Debug|Any CPU
		{B8B36C87-EDF6-46F4-B122-B2D9609DDD38}.Debug|x64.Build.0 = Debug|Any CPU
		{B8B36C87-EDF6-46F4-B122-B2D9609DDD38}.Debug|x86.ActiveCfg = Debug|Any CPU
		{B8B36C87-EDF6-46F4-B122-B2D9609DDD38}.Debug|x86.Build.0 = Debug|Any CPU
		{B8B36C87-EDF6-46F4-B122-B2D9609DDD38}.Release|Any CPU.ActiveCfg = Release|Any CPU
		{B8B36C87-EDF6-46F4-B122-B2D9609DDD38}.Release|Any CPU.Build.0 = Release|Any CPU
		{B8B36C87-EDF6-46F4-B122-B2D9609DDD38}.Release|ARM.ActiveCfg = Release|Any CPU
		{B8B36C87-EDF6-46F4-B122-B2D9609DDD38}.Release|ARM.Build.0 = Release|Any CPU
		{B8B36C87-EDF6-46F4-B122-B2D9609DDD38}.Release|iPhone.ActiveCfg = Release|Any CPU
		{B8B36C87-EDF6-46F4-B122-B2D9609DDD38}.Release|iPhone.Build.0 = Release|Any CPU
		{B8B36C87-EDF6-46F4-B122-B2D9609DDD38}.Release|iPhoneSimulator.ActiveCfg = Release|Any CPU
		{B8B36C87-EDF6-46F4-B122-B2D9609DDD38}.Release|iPhoneSimulator.Build.0 = Release|Any CPU
		{B8B36C87-EDF6-46F4-B122-B2D9609DDD38}.Release|x64.ActiveCfg = Release|Any CPU
		{B8B36C87-EDF6-46F4-B122-B2D9609DDD38}.Release|x64.Build.0 = Release|Any CPU
		{B8B36C87-EDF6-46F4-B122-B2D9609DDD38}.Release|x86.ActiveCfg = Release|Any CPU
		{B8B36C87-EDF6-46F4-B122-B2D9609DDD38}.Release|x86.Build.0 = Release|Any CPU
		{2445A6B6-A8CE-4C26-97FC-9B7FC7C0E058}.Ad-Hoc|Any CPU.ActiveCfg = Release|Any CPU
		{2445A6B6-A8CE-4C26-97FC-9B7FC7C0E058}.Ad-Hoc|Any CPU.Build.0 = Release|Any CPU
		{2445A6B6-A8CE-4C26-97FC-9B7FC7C0E058}.Ad-Hoc|Any CPU.Deploy.0 = Release|Any CPU
		{2445A6B6-A8CE-4C26-97FC-9B7FC7C0E058}.Ad-Hoc|ARM.ActiveCfg = Release|Any CPU
		{2445A6B6-A8CE-4C26-97FC-9B7FC7C0E058}.Ad-Hoc|ARM.Build.0 = Release|Any CPU
		{2445A6B6-A8CE-4C26-97FC-9B7FC7C0E058}.Ad-Hoc|ARM.Deploy.0 = Release|Any CPU
		{2445A6B6-A8CE-4C26-97FC-9B7FC7C0E058}.Ad-Hoc|iPhone.ActiveCfg = Release|Any CPU
		{2445A6B6-A8CE-4C26-97FC-9B7FC7C0E058}.Ad-Hoc|iPhone.Build.0 = Release|Any CPU
		{2445A6B6-A8CE-4C26-97FC-9B7FC7C0E058}.Ad-Hoc|iPhone.Deploy.0 = Release|Any CPU
		{2445A6B6-A8CE-4C26-97FC-9B7FC7C0E058}.Ad-Hoc|iPhoneSimulator.ActiveCfg = Release|Any CPU
		{2445A6B6-A8CE-4C26-97FC-9B7FC7C0E058}.Ad-Hoc|iPhoneSimulator.Build.0 = Release|Any CPU
		{2445A6B6-A8CE-4C26-97FC-9B7FC7C0E058}.Ad-Hoc|iPhoneSimulator.Deploy.0 = Release|Any CPU
		{2445A6B6-A8CE-4C26-97FC-9B7FC7C0E058}.Ad-Hoc|x64.ActiveCfg = Release|Any CPU
		{2445A6B6-A8CE-4C26-97FC-9B7FC7C0E058}.Ad-Hoc|x64.Build.0 = Release|Any CPU
		{2445A6B6-A8CE-4C26-97FC-9B7FC7C0E058}.Ad-Hoc|x64.Deploy.0 = Release|Any CPU
		{2445A6B6-A8CE-4C26-97FC-9B7FC7C0E058}.Ad-Hoc|x86.ActiveCfg = Release|Any CPU
		{2445A6B6-A8CE-4C26-97FC-9B7FC7C0E058}.Ad-Hoc|x86.Build.0 = Release|Any CPU
		{2445A6B6-A8CE-4C26-97FC-9B7FC7C0E058}.Ad-Hoc|x86.Deploy.0 = Release|Any CPU
		{2445A6B6-A8CE-4C26-97FC-9B7FC7C0E058}.AppStore|Any CPU.ActiveCfg = Release|Any CPU
		{2445A6B6-A8CE-4C26-97FC-9B7FC7C0E058}.AppStore|Any CPU.Build.0 = Release|Any CPU
		{2445A6B6-A8CE-4C26-97FC-9B7FC7C0E058}.AppStore|Any CPU.Deploy.0 = Release|Any CPU
		{2445A6B6-A8CE-4C26-97FC-9B7FC7C0E058}.AppStore|ARM.ActiveCfg = Release|Any CPU
		{2445A6B6-A8CE-4C26-97FC-9B7FC7C0E058}.AppStore|ARM.Build.0 = Release|Any CPU
		{2445A6B6-A8CE-4C26-97FC-9B7FC7C0E058}.AppStore|ARM.Deploy.0 = Release|Any CPU
		{2445A6B6-A8CE-4C26-97FC-9B7FC7C0E058}.AppStore|iPhone.ActiveCfg = Release|Any CPU
		{2445A6B6-A8CE-4C26-97FC-9B7FC7C0E058}.AppStore|iPhone.Build.0 = Release|Any CPU
		{2445A6B6-A8CE-4C26-97FC-9B7FC7C0E058}.AppStore|iPhone.Deploy.0 = Release|Any CPU
		{2445A6B6-A8CE-4C26-97FC-9B7FC7C0E058}.AppStore|iPhoneSimulator.ActiveCfg = Release|Any CPU
		{2445A6B6-A8CE-4C26-97FC-9B7FC7C0E058}.AppStore|iPhoneSimulator.Build.0 = Release|Any CPU
		{2445A6B6-A8CE-4C26-97FC-9B7FC7C0E058}.AppStore|iPhoneSimulator.Deploy.0 = Release|Any CPU
		{2445A6B6-A8CE-4C26-97FC-9B7FC7C0E058}.AppStore|x64.ActiveCfg = Release|Any CPU
		{2445A6B6-A8CE-4C26-97FC-9B7FC7C0E058}.AppStore|x64.Build.0 = Release|Any CPU
		{2445A6B6-A8CE-4C26-97FC-9B7FC7C0E058}.AppStore|x64.Deploy.0 = Release|Any CPU
		{2445A6B6-A8CE-4C26-97FC-9B7FC7C0E058}.AppStore|x86.ActiveCfg = Release|Any CPU
		{2445A6B6-A8CE-4C26-97FC-9B7FC7C0E058}.AppStore|x86.Build.0 = Release|Any CPU
		{2445A6B6-A8CE-4C26-97FC-9B7FC7C0E058}.AppStore|x86.Deploy.0 = Release|Any CPU
		{2445A6B6-A8CE-4C26-97FC-9B7FC7C0E058}.Debug|Any CPU.ActiveCfg = Debug|Any CPU
		{2445A6B6-A8CE-4C26-97FC-9B7FC7C0E058}.Debug|Any CPU.Build.0 = Debug|Any CPU
		{2445A6B6-A8CE-4C26-97FC-9B7FC7C0E058}.Debug|Any CPU.Deploy.0 = Debug|Any CPU
		{2445A6B6-A8CE-4C26-97FC-9B7FC7C0E058}.Debug|ARM.ActiveCfg = Debug|Any CPU
		{2445A6B6-A8CE-4C26-97FC-9B7FC7C0E058}.Debug|ARM.Build.0 = Debug|Any CPU
		{2445A6B6-A8CE-4C26-97FC-9B7FC7C0E058}.Debug|ARM.Deploy.0 = Debug|Any CPU
		{2445A6B6-A8CE-4C26-97FC-9B7FC7C0E058}.Debug|iPhone.ActiveCfg = Debug|Any CPU
		{2445A6B6-A8CE-4C26-97FC-9B7FC7C0E058}.Debug|iPhone.Build.0 = Debug|Any CPU
		{2445A6B6-A8CE-4C26-97FC-9B7FC7C0E058}.Debug|iPhone.Deploy.0 = Debug|Any CPU
		{2445A6B6-A8CE-4C26-97FC-9B7FC7C0E058}.Debug|iPhoneSimulator.ActiveCfg = Debug|Any CPU
		{2445A6B6-A8CE-4C26-97FC-9B7FC7C0E058}.Debug|iPhoneSimulator.Build.0 = Debug|Any CPU
		{2445A6B6-A8CE-4C26-97FC-9B7FC7C0E058}.Debug|iPhoneSimulator.Deploy.0 = Debug|Any CPU
		{2445A6B6-A8CE-4C26-97FC-9B7FC7C0E058}.Debug|x64.ActiveCfg = Debug|Any CPU
		{2445A6B6-A8CE-4C26-97FC-9B7FC7C0E058}.Debug|x64.Build.0 = Debug|Any CPU
		{2445A6B6-A8CE-4C26-97FC-9B7FC7C0E058}.Debug|x64.Deploy.0 = Debug|Any CPU
		{2445A6B6-A8CE-4C26-97FC-9B7FC7C0E058}.Debug|x86.ActiveCfg = Debug|Any CPU
		{2445A6B6-A8CE-4C26-97FC-9B7FC7C0E058}.Debug|x86.Build.0 = Debug|Any CPU
		{2445A6B6-A8CE-4C26-97FC-9B7FC7C0E058}.Debug|x86.Deploy.0 = Debug|Any CPU
		{2445A6B6-A8CE-4C26-97FC-9B7FC7C0E058}.Release|Any CPU.ActiveCfg = Release|Any CPU
		{2445A6B6-A8CE-4C26-97FC-9B7FC7C0E058}.Release|Any CPU.Build.0 = Release|Any CPU
		{2445A6B6-A8CE-4C26-97FC-9B7FC7C0E058}.Release|Any CPU.Deploy.0 = Release|Any CPU
		{2445A6B6-A8CE-4C26-97FC-9B7FC7C0E058}.Release|ARM.ActiveCfg = Release|Any CPU
		{2445A6B6-A8CE-4C26-97FC-9B7FC7C0E058}.Release|ARM.Build.0 = Release|Any CPU
		{2445A6B6-A8CE-4C26-97FC-9B7FC7C0E058}.Release|ARM.Deploy.0 = Release|Any CPU
		{2445A6B6-A8CE-4C26-97FC-9B7FC7C0E058}.Release|iPhone.ActiveCfg = Release|Any CPU
		{2445A6B6-A8CE-4C26-97FC-9B7FC7C0E058}.Release|iPhone.Build.0 = Release|Any CPU
		{2445A6B6-A8CE-4C26-97FC-9B7FC7C0E058}.Release|iPhone.Deploy.0 = Release|Any CPU
		{2445A6B6-A8CE-4C26-97FC-9B7FC7C0E058}.Release|iPhoneSimulator.ActiveCfg = Release|Any CPU
		{2445A6B6-A8CE-4C26-97FC-9B7FC7C0E058}.Release|iPhoneSimulator.Build.0 = Release|Any CPU
		{2445A6B6-A8CE-4C26-97FC-9B7FC7C0E058}.Release|iPhoneSimulator.Deploy.0 = Release|Any CPU
		{2445A6B6-A8CE-4C26-97FC-9B7FC7C0E058}.Release|x64.ActiveCfg = Release|Any CPU
		{2445A6B6-A8CE-4C26-97FC-9B7FC7C0E058}.Release|x64.Build.0 = Release|Any CPU
		{2445A6B6-A8CE-4C26-97FC-9B7FC7C0E058}.Release|x64.Deploy.0 = Release|Any CPU
		{2445A6B6-A8CE-4C26-97FC-9B7FC7C0E058}.Release|x86.ActiveCfg = Release|Any CPU
		{2445A6B6-A8CE-4C26-97FC-9B7FC7C0E058}.Release|x86.Build.0 = Release|Any CPU
		{2445A6B6-A8CE-4C26-97FC-9B7FC7C0E058}.Release|x86.Deploy.0 = Release|Any CPU
		{FEB0DF98-0997-42F1-B2D2-8EB51C2DAADD}.Ad-Hoc|Any CPU.ActiveCfg = Ad-Hoc|iPhone
		{FEB0DF98-0997-42F1-B2D2-8EB51C2DAADD}.Ad-Hoc|ARM.ActiveCfg = Ad-Hoc|iPhone
		{FEB0DF98-0997-42F1-B2D2-8EB51C2DAADD}.Ad-Hoc|iPhone.ActiveCfg = Ad-Hoc|iPhone
		{FEB0DF98-0997-42F1-B2D2-8EB51C2DAADD}.Ad-Hoc|iPhone.Build.0 = Ad-Hoc|iPhone
		{FEB0DF98-0997-42F1-B2D2-8EB51C2DAADD}.Ad-Hoc|iPhoneSimulator.ActiveCfg = Ad-Hoc|iPhoneSimulator
		{FEB0DF98-0997-42F1-B2D2-8EB51C2DAADD}.Ad-Hoc|iPhoneSimulator.Build.0 = Ad-Hoc|iPhoneSimulator
		{FEB0DF98-0997-42F1-B2D2-8EB51C2DAADD}.Ad-Hoc|x64.ActiveCfg = Ad-Hoc|iPhone
		{FEB0DF98-0997-42F1-B2D2-8EB51C2DAADD}.Ad-Hoc|x86.ActiveCfg = Ad-Hoc|iPhone
		{FEB0DF98-0997-42F1-B2D2-8EB51C2DAADD}.AppStore|Any CPU.ActiveCfg = AppStore|iPhone
		{FEB0DF98-0997-42F1-B2D2-8EB51C2DAADD}.AppStore|ARM.ActiveCfg = AppStore|iPhone
		{FEB0DF98-0997-42F1-B2D2-8EB51C2DAADD}.AppStore|iPhone.ActiveCfg = AppStore|iPhone
		{FEB0DF98-0997-42F1-B2D2-8EB51C2DAADD}.AppStore|iPhone.Build.0 = AppStore|iPhone
		{FEB0DF98-0997-42F1-B2D2-8EB51C2DAADD}.AppStore|iPhoneSimulator.ActiveCfg = AppStore|iPhoneSimulator
		{FEB0DF98-0997-42F1-B2D2-8EB51C2DAADD}.AppStore|iPhoneSimulator.Build.0 = AppStore|iPhoneSimulator
		{FEB0DF98-0997-42F1-B2D2-8EB51C2DAADD}.AppStore|x64.ActiveCfg = AppStore|iPhone
		{FEB0DF98-0997-42F1-B2D2-8EB51C2DAADD}.AppStore|x86.ActiveCfg = AppStore|iPhone
		{FEB0DF98-0997-42F1-B2D2-8EB51C2DAADD}.Debug|Any CPU.ActiveCfg = Debug|iPhone
		{FEB0DF98-0997-42F1-B2D2-8EB51C2DAADD}.Debug|ARM.ActiveCfg = Debug|iPhone
		{FEB0DF98-0997-42F1-B2D2-8EB51C2DAADD}.Debug|iPhone.ActiveCfg = Debug|iPhone
		{FEB0DF98-0997-42F1-B2D2-8EB51C2DAADD}.Debug|iPhone.Build.0 = Debug|iPhone
		{FEB0DF98-0997-42F1-B2D2-8EB51C2DAADD}.Debug|iPhoneSimulator.ActiveCfg = Debug|iPhoneSimulator
		{FEB0DF98-0997-42F1-B2D2-8EB51C2DAADD}.Debug|iPhoneSimulator.Build.0 = Debug|iPhoneSimulator
		{FEB0DF98-0997-42F1-B2D2-8EB51C2DAADD}.Debug|x64.ActiveCfg = Debug|iPhone
		{FEB0DF98-0997-42F1-B2D2-8EB51C2DAADD}.Debug|x86.ActiveCfg = Debug|iPhone
		{FEB0DF98-0997-42F1-B2D2-8EB51C2DAADD}.Release|Any CPU.ActiveCfg = Release|iPhone
		{FEB0DF98-0997-42F1-B2D2-8EB51C2DAADD}.Release|ARM.ActiveCfg = Release|iPhone
		{FEB0DF98-0997-42F1-B2D2-8EB51C2DAADD}.Release|iPhone.ActiveCfg = Release|iPhone
		{FEB0DF98-0997-42F1-B2D2-8EB51C2DAADD}.Release|iPhone.Build.0 = Release|iPhone
		{FEB0DF98-0997-42F1-B2D2-8EB51C2DAADD}.Release|iPhoneSimulator.ActiveCfg = Release|iPhoneSimulator
		{FEB0DF98-0997-42F1-B2D2-8EB51C2DAADD}.Release|iPhoneSimulator.Build.0 = Release|iPhoneSimulator
		{FEB0DF98-0997-42F1-B2D2-8EB51C2DAADD}.Release|x64.ActiveCfg = Release|iPhone
		{FEB0DF98-0997-42F1-B2D2-8EB51C2DAADD}.Release|x86.ActiveCfg = Release|iPhone
		{C49CE5F2-8897-4E0C-B455-DB97810164F2}.Ad-Hoc|Any CPU.ActiveCfg = Release|x86
		{C49CE5F2-8897-4E0C-B455-DB97810164F2}.Ad-Hoc|Any CPU.Build.0 = Release|x86
		{C49CE5F2-8897-4E0C-B455-DB97810164F2}.Ad-Hoc|Any CPU.Deploy.0 = Release|x86
		{C49CE5F2-8897-4E0C-B455-DB97810164F2}.Ad-Hoc|ARM.ActiveCfg = Release|ARM
		{C49CE5F2-8897-4E0C-B455-DB97810164F2}.Ad-Hoc|ARM.Build.0 = Release|ARM
		{C49CE5F2-8897-4E0C-B455-DB97810164F2}.Ad-Hoc|ARM.Deploy.0 = Release|ARM
		{C49CE5F2-8897-4E0C-B455-DB97810164F2}.Ad-Hoc|iPhone.ActiveCfg = Release|x86
		{C49CE5F2-8897-4E0C-B455-DB97810164F2}.Ad-Hoc|iPhone.Build.0 = Release|x86
		{C49CE5F2-8897-4E0C-B455-DB97810164F2}.Ad-Hoc|iPhone.Deploy.0 = Release|x86
		{C49CE5F2-8897-4E0C-B455-DB97810164F2}.Ad-Hoc|iPhoneSimulator.ActiveCfg = Release|x86
		{C49CE5F2-8897-4E0C-B455-DB97810164F2}.Ad-Hoc|iPhoneSimulator.Build.0 = Release|x86
		{C49CE5F2-8897-4E0C-B455-DB97810164F2}.Ad-Hoc|iPhoneSimulator.Deploy.0 = Release|x86
		{C49CE5F2-8897-4E0C-B455-DB97810164F2}.Ad-Hoc|x64.ActiveCfg = Release|x64
		{C49CE5F2-8897-4E0C-B455-DB97810164F2}.Ad-Hoc|x64.Build.0 = Release|x64
		{C49CE5F2-8897-4E0C-B455-DB97810164F2}.Ad-Hoc|x64.Deploy.0 = Release|x64
		{C49CE5F2-8897-4E0C-B455-DB97810164F2}.Ad-Hoc|x86.ActiveCfg = Release|x86
		{C49CE5F2-8897-4E0C-B455-DB97810164F2}.Ad-Hoc|x86.Build.0 = Release|x86
		{C49CE5F2-8897-4E0C-B455-DB97810164F2}.Ad-Hoc|x86.Deploy.0 = Release|x86
		{C49CE5F2-8897-4E0C-B455-DB97810164F2}.AppStore|Any CPU.ActiveCfg = Release|x86
		{C49CE5F2-8897-4E0C-B455-DB97810164F2}.AppStore|Any CPU.Build.0 = Release|x86
		{C49CE5F2-8897-4E0C-B455-DB97810164F2}.AppStore|Any CPU.Deploy.0 = Release|x86
		{C49CE5F2-8897-4E0C-B455-DB97810164F2}.AppStore|ARM.ActiveCfg = Release|ARM
		{C49CE5F2-8897-4E0C-B455-DB97810164F2}.AppStore|ARM.Build.0 = Release|ARM
		{C49CE5F2-8897-4E0C-B455-DB97810164F2}.AppStore|ARM.Deploy.0 = Release|ARM
		{C49CE5F2-8897-4E0C-B455-DB97810164F2}.AppStore|iPhone.ActiveCfg = Release|x86
		{C49CE5F2-8897-4E0C-B455-DB97810164F2}.AppStore|iPhone.Build.0 = Release|x86
		{C49CE5F2-8897-4E0C-B455-DB97810164F2}.AppStore|iPhone.Deploy.0 = Release|x86
		{C49CE5F2-8897-4E0C-B455-DB97810164F2}.AppStore|iPhoneSimulator.ActiveCfg = Release|x86
		{C49CE5F2-8897-4E0C-B455-DB97810164F2}.AppStore|iPhoneSimulator.Build.0 = Release|x86
		{C49CE5F2-8897-4E0C-B455-DB97810164F2}.AppStore|iPhoneSimulator.Deploy.0 = Release|x86
		{C49CE5F2-8897-4E0C-B455-DB97810164F2}.AppStore|x64.ActiveCfg = Release|x64
		{C49CE5F2-8897-4E0C-B455-DB97810164F2}.AppStore|x64.Build.0 = Release|x64
		{C49CE5F2-8897-4E0C-B455-DB97810164F2}.AppStore|x64.Deploy.0 = Release|x64
		{C49CE5F2-8897-4E0C-B455-DB97810164F2}.AppStore|x86.ActiveCfg = Release|x86
		{C49CE5F2-8897-4E0C-B455-DB97810164F2}.AppStore|x86.Build.0 = Release|x86
		{C49CE5F2-8897-4E0C-B455-DB97810164F2}.AppStore|x86.Deploy.0 = Release|x86
		{C49CE5F2-8897-4E0C-B455-DB97810164F2}.Debug|Any CPU.ActiveCfg = Debug|x86
		{C49CE5F2-8897-4E0C-B455-DB97810164F2}.Debug|ARM.ActiveCfg = Debug|ARM
		{C49CE5F2-8897-4E0C-B455-DB97810164F2}.Debug|ARM.Build.0 = Debug|ARM
		{C49CE5F2-8897-4E0C-B455-DB97810164F2}.Debug|ARM.Deploy.0 = Debug|ARM
		{C49CE5F2-8897-4E0C-B455-DB97810164F2}.Debug|iPhone.ActiveCfg = Debug|x86
		{C49CE5F2-8897-4E0C-B455-DB97810164F2}.Debug|iPhone.Build.0 = Debug|x86
		{C49CE5F2-8897-4E0C-B455-DB97810164F2}.Debug|iPhone.Deploy.0 = Debug|x86
		{C49CE5F2-8897-4E0C-B455-DB97810164F2}.Debug|iPhoneSimulator.ActiveCfg = Debug|x86
		{C49CE5F2-8897-4E0C-B455-DB97810164F2}.Debug|x64.ActiveCfg = Debug|x64
		{C49CE5F2-8897-4E0C-B455-DB97810164F2}.Debug|x64.Build.0 = Debug|x64
		{C49CE5F2-8897-4E0C-B455-DB97810164F2}.Debug|x64.Deploy.0 = Debug|x64
		{C49CE5F2-8897-4E0C-B455-DB97810164F2}.Debug|x86.ActiveCfg = Debug|x86
		{C49CE5F2-8897-4E0C-B455-DB97810164F2}.Debug|x86.Build.0 = Debug|x86
		{C49CE5F2-8897-4E0C-B455-DB97810164F2}.Debug|x86.Deploy.0 = Debug|x86
		{C49CE5F2-8897-4E0C-B455-DB97810164F2}.Release|Any CPU.ActiveCfg = Release|x86
		{C49CE5F2-8897-4E0C-B455-DB97810164F2}.Release|ARM.ActiveCfg = Release|ARM
		{C49CE5F2-8897-4E0C-B455-DB97810164F2}.Release|ARM.Build.0 = Release|ARM
		{C49CE5F2-8897-4E0C-B455-DB97810164F2}.Release|ARM.Deploy.0 = Release|ARM
		{C49CE5F2-8897-4E0C-B455-DB97810164F2}.Release|iPhone.ActiveCfg = Release|x86
		{C49CE5F2-8897-4E0C-B455-DB97810164F2}.Release|iPhoneSimulator.ActiveCfg = Release|x86
		{C49CE5F2-8897-4E0C-B455-DB97810164F2}.Release|x64.ActiveCfg = Release|x64
		{C49CE5F2-8897-4E0C-B455-DB97810164F2}.Release|x64.Build.0 = Release|x64
		{C49CE5F2-8897-4E0C-B455-DB97810164F2}.Release|x64.Deploy.0 = Release|x64
		{C49CE5F2-8897-4E0C-B455-DB97810164F2}.Release|x86.ActiveCfg = Release|x86
		{C49CE5F2-8897-4E0C-B455-DB97810164F2}.Release|x86.Build.0 = Release|x86
		{C49CE5F2-8897-4E0C-B455-DB97810164F2}.Release|x86.Deploy.0 = Release|x86
		{3BA6B028-12F0-49BF-B7C4-09B12FCC25C4}.Ad-Hoc|Any CPU.ActiveCfg = Release|Any CPU
		{3BA6B028-12F0-49BF-B7C4-09B12FCC25C4}.Ad-Hoc|Any CPU.Build.0 = Release|Any CPU
		{3BA6B028-12F0-49BF-B7C4-09B12FCC25C4}.Ad-Hoc|Any CPU.Deploy.0 = Release|Any CPU
		{3BA6B028-12F0-49BF-B7C4-09B12FCC25C4}.Ad-Hoc|ARM.ActiveCfg = Release|ARM
		{3BA6B028-12F0-49BF-B7C4-09B12FCC25C4}.Ad-Hoc|ARM.Build.0 = Release|ARM
		{3BA6B028-12F0-49BF-B7C4-09B12FCC25C4}.Ad-Hoc|ARM.Deploy.0 = Release|ARM
		{3BA6B028-12F0-49BF-B7C4-09B12FCC25C4}.Ad-Hoc|iPhone.ActiveCfg = Release|Any CPU
		{3BA6B028-12F0-49BF-B7C4-09B12FCC25C4}.Ad-Hoc|iPhone.Build.0 = Release|Any CPU
		{3BA6B028-12F0-49BF-B7C4-09B12FCC25C4}.Ad-Hoc|iPhone.Deploy.0 = Release|Any CPU
		{3BA6B028-12F0-49BF-B7C4-09B12FCC25C4}.Ad-Hoc|iPhoneSimulator.ActiveCfg = Release|Any CPU
		{3BA6B028-12F0-49BF-B7C4-09B12FCC25C4}.Ad-Hoc|iPhoneSimulator.Build.0 = Release|Any CPU
		{3BA6B028-12F0-49BF-B7C4-09B12FCC25C4}.Ad-Hoc|iPhoneSimulator.Deploy.0 = Release|Any CPU
		{3BA6B028-12F0-49BF-B7C4-09B12FCC25C4}.Ad-Hoc|x64.ActiveCfg = Release|x64
		{3BA6B028-12F0-49BF-B7C4-09B12FCC25C4}.Ad-Hoc|x64.Build.0 = Release|x64
		{3BA6B028-12F0-49BF-B7C4-09B12FCC25C4}.Ad-Hoc|x64.Deploy.0 = Release|x64
		{3BA6B028-12F0-49BF-B7C4-09B12FCC25C4}.Ad-Hoc|x86.ActiveCfg = Release|x86
		{3BA6B028-12F0-49BF-B7C4-09B12FCC25C4}.Ad-Hoc|x86.Build.0 = Release|x86
		{3BA6B028-12F0-49BF-B7C4-09B12FCC25C4}.Ad-Hoc|x86.Deploy.0 = Release|x86
		{3BA6B028-12F0-49BF-B7C4-09B12FCC25C4}.AppStore|Any CPU.ActiveCfg = Release|Any CPU
		{3BA6B028-12F0-49BF-B7C4-09B12FCC25C4}.AppStore|Any CPU.Build.0 = Release|Any CPU
		{3BA6B028-12F0-49BF-B7C4-09B12FCC25C4}.AppStore|Any CPU.Deploy.0 = Release|Any CPU
		{3BA6B028-12F0-49BF-B7C4-09B12FCC25C4}.AppStore|ARM.ActiveCfg = Release|ARM
		{3BA6B028-12F0-49BF-B7C4-09B12FCC25C4}.AppStore|ARM.Build.0 = Release|ARM
		{3BA6B028-12F0-49BF-B7C4-09B12FCC25C4}.AppStore|ARM.Deploy.0 = Release|ARM
		{3BA6B028-12F0-49BF-B7C4-09B12FCC25C4}.AppStore|iPhone.ActiveCfg = Release|Any CPU
		{3BA6B028-12F0-49BF-B7C4-09B12FCC25C4}.AppStore|iPhone.Build.0 = Release|Any CPU
		{3BA6B028-12F0-49BF-B7C4-09B12FCC25C4}.AppStore|iPhone.Deploy.0 = Release|Any CPU
		{3BA6B028-12F0-49BF-B7C4-09B12FCC25C4}.AppStore|iPhoneSimulator.ActiveCfg = Release|Any CPU
		{3BA6B028-12F0-49BF-B7C4-09B12FCC25C4}.AppStore|iPhoneSimulator.Build.0 = Release|Any CPU
		{3BA6B028-12F0-49BF-B7C4-09B12FCC25C4}.AppStore|iPhoneSimulator.Deploy.0 = Release|Any CPU
		{3BA6B028-12F0-49BF-B7C4-09B12FCC25C4}.AppStore|x64.ActiveCfg = Release|x64
		{3BA6B028-12F0-49BF-B7C4-09B12FCC25C4}.AppStore|x64.Build.0 = Release|x64
		{3BA6B028-12F0-49BF-B7C4-09B12FCC25C4}.AppStore|x64.Deploy.0 = Release|x64
		{3BA6B028-12F0-49BF-B7C4-09B12FCC25C4}.AppStore|x86.ActiveCfg = Release|x86
		{3BA6B028-12F0-49BF-B7C4-09B12FCC25C4}.AppStore|x86.Build.0 = Release|x86
		{3BA6B028-12F0-49BF-B7C4-09B12FCC25C4}.AppStore|x86.Deploy.0 = Release|x86
		{3BA6B028-12F0-49BF-B7C4-09B12FCC25C4}.Debug|Any CPU.ActiveCfg = Debug|Any CPU
		{3BA6B028-12F0-49BF-B7C4-09B12FCC25C4}.Debug|Any CPU.Build.0 = Debug|Any CPU
		{3BA6B028-12F0-49BF-B7C4-09B12FCC25C4}.Debug|Any CPU.Deploy.0 = Debug|Any CPU
		{3BA6B028-12F0-49BF-B7C4-09B12FCC25C4}.Debug|ARM.ActiveCfg = Debug|ARM
		{3BA6B028-12F0-49BF-B7C4-09B12FCC25C4}.Debug|ARM.Build.0 = Debug|ARM
		{3BA6B028-12F0-49BF-B7C4-09B12FCC25C4}.Debug|ARM.Deploy.0 = Debug|ARM
		{3BA6B028-12F0-49BF-B7C4-09B12FCC25C4}.Debug|iPhone.ActiveCfg = Debug|Any CPU
		{3BA6B028-12F0-49BF-B7C4-09B12FCC25C4}.Debug|iPhone.Build.0 = Debug|Any CPU
		{3BA6B028-12F0-49BF-B7C4-09B12FCC25C4}.Debug|iPhone.Deploy.0 = Debug|Any CPU
		{3BA6B028-12F0-49BF-B7C4-09B12FCC25C4}.Debug|iPhoneSimulator.ActiveCfg = Debug|Any CPU
		{3BA6B028-12F0-49BF-B7C4-09B12FCC25C4}.Debug|iPhoneSimulator.Build.0 = Debug|Any CPU
		{3BA6B028-12F0-49BF-B7C4-09B12FCC25C4}.Debug|iPhoneSimulator.Deploy.0 = Debug|Any CPU
		{3BA6B028-12F0-49BF-B7C4-09B12FCC25C4}.Debug|x64.ActiveCfg = Debug|x64
		{3BA6B028-12F0-49BF-B7C4-09B12FCC25C4}.Debug|x64.Build.0 = Debug|x64
		{3BA6B028-12F0-49BF-B7C4-09B12FCC25C4}.Debug|x64.Deploy.0 = Debug|x64
		{3BA6B028-12F0-49BF-B7C4-09B12FCC25C4}.Debug|x86.ActiveCfg = Debug|x86
		{3BA6B028-12F0-49BF-B7C4-09B12FCC25C4}.Debug|x86.Build.0 = Debug|x86
		{3BA6B028-12F0-49BF-B7C4-09B12FCC25C4}.Debug|x86.Deploy.0 = Debug|x86
		{3BA6B028-12F0-49BF-B7C4-09B12FCC25C4}.Release|Any CPU.ActiveCfg = Release|Any CPU
		{3BA6B028-12F0-49BF-B7C4-09B12FCC25C4}.Release|Any CPU.Build.0 = Release|Any CPU
		{3BA6B028-12F0-49BF-B7C4-09B12FCC25C4}.Release|Any CPU.Deploy.0 = Release|Any CPU
		{3BA6B028-12F0-49BF-B7C4-09B12FCC25C4}.Release|ARM.ActiveCfg = Release|ARM
		{3BA6B028-12F0-49BF-B7C4-09B12FCC25C4}.Release|ARM.Build.0 = Release|ARM
		{3BA6B028-12F0-49BF-B7C4-09B12FCC25C4}.Release|ARM.Deploy.0 = Release|ARM
		{3BA6B028-12F0-49BF-B7C4-09B12FCC25C4}.Release|iPhone.ActiveCfg = Release|Any CPU
		{3BA6B028-12F0-49BF-B7C4-09B12FCC25C4}.Release|iPhone.Build.0 = Release|Any CPU
		{3BA6B028-12F0-49BF-B7C4-09B12FCC25C4}.Release|iPhone.Deploy.0 = Release|Any CPU
		{3BA6B028-12F0-49BF-B7C4-09B12FCC25C4}.Release|iPhoneSimulator.ActiveCfg = Release|Any CPU
		{3BA6B028-12F0-49BF-B7C4-09B12FCC25C4}.Release|iPhoneSimulator.Build.0 = Release|Any CPU
		{3BA6B028-12F0-49BF-B7C4-09B12FCC25C4}.Release|iPhoneSimulator.Deploy.0 = Release|Any CPU
		{3BA6B028-12F0-49BF-B7C4-09B12FCC25C4}.Release|x64.ActiveCfg = Release|x64
		{3BA6B028-12F0-49BF-B7C4-09B12FCC25C4}.Release|x64.Build.0 = Release|x64
		{3BA6B028-12F0-49BF-B7C4-09B12FCC25C4}.Release|x64.Deploy.0 = Release|x64
		{3BA6B028-12F0-49BF-B7C4-09B12FCC25C4}.Release|x86.ActiveCfg = Release|x86
		{3BA6B028-12F0-49BF-B7C4-09B12FCC25C4}.Release|x86.Build.0 = Release|x86
		{3BA6B028-12F0-49BF-B7C4-09B12FCC25C4}.Release|x86.Deploy.0 = Release|x86
		{AE79B39A-07A9-4F8C-96B6-E1E261BB9DB1}.Ad-Hoc|Any CPU.ActiveCfg = Release|Any CPU
		{AE79B39A-07A9-4F8C-96B6-E1E261BB9DB1}.Ad-Hoc|Any CPU.Build.0 = Release|Any CPU
		{AE79B39A-07A9-4F8C-96B6-E1E261BB9DB1}.Ad-Hoc|Any CPU.Deploy.0 = Release|Any CPU
		{AE79B39A-07A9-4F8C-96B6-E1E261BB9DB1}.Ad-Hoc|ARM.ActiveCfg = Release|ARM
		{AE79B39A-07A9-4F8C-96B6-E1E261BB9DB1}.Ad-Hoc|ARM.Build.0 = Release|ARM
		{AE79B39A-07A9-4F8C-96B6-E1E261BB9DB1}.Ad-Hoc|ARM.Deploy.0 = Release|ARM
		{AE79B39A-07A9-4F8C-96B6-E1E261BB9DB1}.Ad-Hoc|iPhone.ActiveCfg = Release|Any CPU
		{AE79B39A-07A9-4F8C-96B6-E1E261BB9DB1}.Ad-Hoc|iPhone.Build.0 = Release|Any CPU
		{AE79B39A-07A9-4F8C-96B6-E1E261BB9DB1}.Ad-Hoc|iPhone.Deploy.0 = Release|Any CPU
		{AE79B39A-07A9-4F8C-96B6-E1E261BB9DB1}.Ad-Hoc|iPhoneSimulator.ActiveCfg = Release|Any CPU
		{AE79B39A-07A9-4F8C-96B6-E1E261BB9DB1}.Ad-Hoc|iPhoneSimulator.Build.0 = Release|Any CPU
		{AE79B39A-07A9-4F8C-96B6-E1E261BB9DB1}.Ad-Hoc|iPhoneSimulator.Deploy.0 = Release|Any CPU
		{AE79B39A-07A9-4F8C-96B6-E1E261BB9DB1}.Ad-Hoc|x64.ActiveCfg = Release|Any CPU
		{AE79B39A-07A9-4F8C-96B6-E1E261BB9DB1}.Ad-Hoc|x64.Build.0 = Release|Any CPU
		{AE79B39A-07A9-4F8C-96B6-E1E261BB9DB1}.Ad-Hoc|x64.Deploy.0 = Release|Any CPU
		{AE79B39A-07A9-4F8C-96B6-E1E261BB9DB1}.Ad-Hoc|x86.ActiveCfg = Release|x86
		{AE79B39A-07A9-4F8C-96B6-E1E261BB9DB1}.Ad-Hoc|x86.Build.0 = Release|x86
		{AE79B39A-07A9-4F8C-96B6-E1E261BB9DB1}.Ad-Hoc|x86.Deploy.0 = Release|x86
		{AE79B39A-07A9-4F8C-96B6-E1E261BB9DB1}.AppStore|Any CPU.ActiveCfg = Release|Any CPU
		{AE79B39A-07A9-4F8C-96B6-E1E261BB9DB1}.AppStore|Any CPU.Build.0 = Release|Any CPU
		{AE79B39A-07A9-4F8C-96B6-E1E261BB9DB1}.AppStore|Any CPU.Deploy.0 = Release|Any CPU
		{AE79B39A-07A9-4F8C-96B6-E1E261BB9DB1}.AppStore|ARM.ActiveCfg = Release|ARM
		{AE79B39A-07A9-4F8C-96B6-E1E261BB9DB1}.AppStore|ARM.Build.0 = Release|ARM
		{AE79B39A-07A9-4F8C-96B6-E1E261BB9DB1}.AppStore|ARM.Deploy.0 = Release|ARM
		{AE79B39A-07A9-4F8C-96B6-E1E261BB9DB1}.AppStore|iPhone.ActiveCfg = Release|Any CPU
		{AE79B39A-07A9-4F8C-96B6-E1E261BB9DB1}.AppStore|iPhone.Build.0 = Release|Any CPU
		{AE79B39A-07A9-4F8C-96B6-E1E261BB9DB1}.AppStore|iPhone.Deploy.0 = Release|Any CPU
		{AE79B39A-07A9-4F8C-96B6-E1E261BB9DB1}.AppStore|iPhoneSimulator.ActiveCfg = Release|Any CPU
		{AE79B39A-07A9-4F8C-96B6-E1E261BB9DB1}.AppStore|iPhoneSimulator.Build.0 = Release|Any CPU
		{AE79B39A-07A9-4F8C-96B6-E1E261BB9DB1}.AppStore|iPhoneSimulator.Deploy.0 = Release|Any CPU
		{AE79B39A-07A9-4F8C-96B6-E1E261BB9DB1}.AppStore|x64.ActiveCfg = Release|Any CPU
		{AE79B39A-07A9-4F8C-96B6-E1E261BB9DB1}.AppStore|x64.Build.0 = Release|Any CPU
		{AE79B39A-07A9-4F8C-96B6-E1E261BB9DB1}.AppStore|x64.Deploy.0 = Release|Any CPU
		{AE79B39A-07A9-4F8C-96B6-E1E261BB9DB1}.AppStore|x86.ActiveCfg = Release|x86
		{AE79B39A-07A9-4F8C-96B6-E1E261BB9DB1}.AppStore|x86.Build.0 = Release|x86
		{AE79B39A-07A9-4F8C-96B6-E1E261BB9DB1}.AppStore|x86.Deploy.0 = Release|x86
		{AE79B39A-07A9-4F8C-96B6-E1E261BB9DB1}.Debug|Any CPU.ActiveCfg = Debug|Any CPU
		{AE79B39A-07A9-4F8C-96B6-E1E261BB9DB1}.Debug|Any CPU.Build.0 = Debug|Any CPU
		{AE79B39A-07A9-4F8C-96B6-E1E261BB9DB1}.Debug|Any CPU.Deploy.0 = Debug|Any CPU
		{AE79B39A-07A9-4F8C-96B6-E1E261BB9DB1}.Debug|ARM.ActiveCfg = Debug|ARM
		{AE79B39A-07A9-4F8C-96B6-E1E261BB9DB1}.Debug|ARM.Build.0 = Debug|ARM
		{AE79B39A-07A9-4F8C-96B6-E1E261BB9DB1}.Debug|ARM.Deploy.0 = Debug|ARM
		{AE79B39A-07A9-4F8C-96B6-E1E261BB9DB1}.Debug|iPhone.ActiveCfg = Debug|Any CPU
		{AE79B39A-07A9-4F8C-96B6-E1E261BB9DB1}.Debug|iPhone.Build.0 = Debug|Any CPU
		{AE79B39A-07A9-4F8C-96B6-E1E261BB9DB1}.Debug|iPhone.Deploy.0 = Debug|Any CPU
		{AE79B39A-07A9-4F8C-96B6-E1E261BB9DB1}.Debug|iPhoneSimulator.ActiveCfg = Debug|Any CPU
		{AE79B39A-07A9-4F8C-96B6-E1E261BB9DB1}.Debug|iPhoneSimulator.Build.0 = Debug|Any CPU
		{AE79B39A-07A9-4F8C-96B6-E1E261BB9DB1}.Debug|iPhoneSimulator.Deploy.0 = Debug|Any CPU
		{AE79B39A-07A9-4F8C-96B6-E1E261BB9DB1}.Debug|x64.ActiveCfg = Debug|Any CPU
		{AE79B39A-07A9-4F8C-96B6-E1E261BB9DB1}.Debug|x64.Build.0 = Debug|Any CPU
		{AE79B39A-07A9-4F8C-96B6-E1E261BB9DB1}.Debug|x64.Deploy.0 = Debug|Any CPU
		{AE79B39A-07A9-4F8C-96B6-E1E261BB9DB1}.Debug|x86.ActiveCfg = Debug|x86
		{AE79B39A-07A9-4F8C-96B6-E1E261BB9DB1}.Debug|x86.Build.0 = Debug|x86
		{AE79B39A-07A9-4F8C-96B6-E1E261BB9DB1}.Debug|x86.Deploy.0 = Debug|x86
		{AE79B39A-07A9-4F8C-96B6-E1E261BB9DB1}.Release|Any CPU.ActiveCfg = Release|Any CPU
		{AE79B39A-07A9-4F8C-96B6-E1E261BB9DB1}.Release|Any CPU.Build.0 = Release|Any CPU
		{AE79B39A-07A9-4F8C-96B6-E1E261BB9DB1}.Release|Any CPU.Deploy.0 = Release|Any CPU
		{AE79B39A-07A9-4F8C-96B6-E1E261BB9DB1}.Release|ARM.ActiveCfg = Release|ARM
		{AE79B39A-07A9-4F8C-96B6-E1E261BB9DB1}.Release|ARM.Build.0 = Release|ARM
		{AE79B39A-07A9-4F8C-96B6-E1E261BB9DB1}.Release|ARM.Deploy.0 = Release|ARM
		{AE79B39A-07A9-4F8C-96B6-E1E261BB9DB1}.Release|iPhone.ActiveCfg = Release|Any CPU
		{AE79B39A-07A9-4F8C-96B6-E1E261BB9DB1}.Release|iPhone.Build.0 = Release|Any CPU
		{AE79B39A-07A9-4F8C-96B6-E1E261BB9DB1}.Release|iPhone.Deploy.0 = Release|Any CPU
		{AE79B39A-07A9-4F8C-96B6-E1E261BB9DB1}.Release|iPhoneSimulator.ActiveCfg = Release|Any CPU
		{AE79B39A-07A9-4F8C-96B6-E1E261BB9DB1}.Release|iPhoneSimulator.Build.0 = Release|Any CPU
		{AE79B39A-07A9-4F8C-96B6-E1E261BB9DB1}.Release|iPhoneSimulator.Deploy.0 = Release|Any CPU
		{AE79B39A-07A9-4F8C-96B6-E1E261BB9DB1}.Release|x64.ActiveCfg = Release|Any CPU
		{AE79B39A-07A9-4F8C-96B6-E1E261BB9DB1}.Release|x64.Build.0 = Release|Any CPU
		{AE79B39A-07A9-4F8C-96B6-E1E261BB9DB1}.Release|x64.Deploy.0 = Release|Any CPU
		{AE79B39A-07A9-4F8C-96B6-E1E261BB9DB1}.Release|x86.ActiveCfg = Release|x86
		{AE79B39A-07A9-4F8C-96B6-E1E261BB9DB1}.Release|x86.Build.0 = Release|x86
		{AE79B39A-07A9-4F8C-96B6-E1E261BB9DB1}.Release|x86.Deploy.0 = Release|x86
		{3C925E36-5C8E-43D4-97CF-82BA50274AB8}.Ad-Hoc|Any CPU.ActiveCfg = Release|Any CPU
		{3C925E36-5C8E-43D4-97CF-82BA50274AB8}.Ad-Hoc|Any CPU.Build.0 = Release|Any CPU
		{3C925E36-5C8E-43D4-97CF-82BA50274AB8}.Ad-Hoc|ARM.ActiveCfg = Release|Any CPU
		{3C925E36-5C8E-43D4-97CF-82BA50274AB8}.Ad-Hoc|ARM.Build.0 = Release|Any CPU
		{3C925E36-5C8E-43D4-97CF-82BA50274AB8}.Ad-Hoc|iPhone.ActiveCfg = Release|Any CPU
		{3C925E36-5C8E-43D4-97CF-82BA50274AB8}.Ad-Hoc|iPhone.Build.0 = Release|Any CPU
		{3C925E36-5C8E-43D4-97CF-82BA50274AB8}.Ad-Hoc|iPhoneSimulator.ActiveCfg = Release|Any CPU
		{3C925E36-5C8E-43D4-97CF-82BA50274AB8}.Ad-Hoc|iPhoneSimulator.Build.0 = Release|Any CPU
		{3C925E36-5C8E-43D4-97CF-82BA50274AB8}.Ad-Hoc|x64.ActiveCfg = Release|Any CPU
		{3C925E36-5C8E-43D4-97CF-82BA50274AB8}.Ad-Hoc|x64.Build.0 = Release|Any CPU
		{3C925E36-5C8E-43D4-97CF-82BA50274AB8}.Ad-Hoc|x86.ActiveCfg = Release|Any CPU
		{3C925E36-5C8E-43D4-97CF-82BA50274AB8}.Ad-Hoc|x86.Build.0 = Release|Any CPU
		{3C925E36-5C8E-43D4-97CF-82BA50274AB8}.AppStore|Any CPU.ActiveCfg = Release|Any CPU
		{3C925E36-5C8E-43D4-97CF-82BA50274AB8}.AppStore|Any CPU.Build.0 = Release|Any CPU
		{3C925E36-5C8E-43D4-97CF-82BA50274AB8}.AppStore|ARM.ActiveCfg = Release|Any CPU
		{3C925E36-5C8E-43D4-97CF-82BA50274AB8}.AppStore|ARM.Build.0 = Release|Any CPU
		{3C925E36-5C8E-43D4-97CF-82BA50274AB8}.AppStore|iPhone.ActiveCfg = Release|Any CPU
		{3C925E36-5C8E-43D4-97CF-82BA50274AB8}.AppStore|iPhone.Build.0 = Release|Any CPU
		{3C925E36-5C8E-43D4-97CF-82BA50274AB8}.AppStore|iPhoneSimulator.ActiveCfg = Release|Any CPU
		{3C925E36-5C8E-43D4-97CF-82BA50274AB8}.AppStore|iPhoneSimulator.Build.0 = Release|Any CPU
		{3C925E36-5C8E-43D4-97CF-82BA50274AB8}.AppStore|x64.ActiveCfg = Release|Any CPU
		{3C925E36-5C8E-43D4-97CF-82BA50274AB8}.AppStore|x64.Build.0 = Release|Any CPU
		{3C925E36-5C8E-43D4-97CF-82BA50274AB8}.AppStore|x86.ActiveCfg = Release|Any CPU
		{3C925E36-5C8E-43D4-97CF-82BA50274AB8}.AppStore|x86.Build.0 = Release|Any CPU
		{3C925E36-5C8E-43D4-97CF-82BA50274AB8}.Debug|Any CPU.ActiveCfg = Debug|Any CPU
		{3C925E36-5C8E-43D4-97CF-82BA50274AB8}.Debug|Any CPU.Build.0 = Debug|Any CPU
		{3C925E36-5C8E-43D4-97CF-82BA50274AB8}.Debug|ARM.ActiveCfg = Debug|Any CPU
		{3C925E36-5C8E-43D4-97CF-82BA50274AB8}.Debug|ARM.Build.0 = Debug|Any CPU
		{3C925E36-5C8E-43D4-97CF-82BA50274AB8}.Debug|iPhone.ActiveCfg = Debug|Any CPU
		{3C925E36-5C8E-43D4-97CF-82BA50274AB8}.Debug|iPhone.Build.0 = Debug|Any CPU
		{3C925E36-5C8E-43D4-97CF-82BA50274AB8}.Debug|iPhoneSimulator.ActiveCfg = Debug|Any CPU
		{3C925E36-5C8E-43D4-97CF-82BA50274AB8}.Debug|iPhoneSimulator.Build.0 = Debug|Any CPU
		{3C925E36-5C8E-43D4-97CF-82BA50274AB8}.Debug|x64.ActiveCfg = Debug|Any CPU
		{3C925E36-5C8E-43D4-97CF-82BA50274AB8}.Debug|x64.Build.0 = Debug|Any CPU
		{3C925E36-5C8E-43D4-97CF-82BA50274AB8}.Debug|x86.ActiveCfg = Debug|Any CPU
		{3C925E36-5C8E-43D4-97CF-82BA50274AB8}.Debug|x86.Build.0 = Debug|Any CPU
		{3C925E36-5C8E-43D4-97CF-82BA50274AB8}.Release|Any CPU.ActiveCfg = Release|Any CPU
		{3C925E36-5C8E-43D4-97CF-82BA50274AB8}.Release|Any CPU.Build.0 = Release|Any CPU
		{3C925E36-5C8E-43D4-97CF-82BA50274AB8}.Release|ARM.ActiveCfg = Release|Any CPU
		{3C925E36-5C8E-43D4-97CF-82BA50274AB8}.Release|ARM.Build.0 = Release|Any CPU
		{3C925E36-5C8E-43D4-97CF-82BA50274AB8}.Release|iPhone.ActiveCfg = Release|Any CPU
		{3C925E36-5C8E-43D4-97CF-82BA50274AB8}.Release|iPhone.Build.0 = Release|Any CPU
		{3C925E36-5C8E-43D4-97CF-82BA50274AB8}.Release|iPhoneSimulator.ActiveCfg = Release|Any CPU
		{3C925E36-5C8E-43D4-97CF-82BA50274AB8}.Release|iPhoneSimulator.Build.0 = Release|Any CPU
		{3C925E36-5C8E-43D4-97CF-82BA50274AB8}.Release|x64.ActiveCfg = Release|Any CPU
		{3C925E36-5C8E-43D4-97CF-82BA50274AB8}.Release|x64.Build.0 = Release|Any CPU
		{3C925E36-5C8E-43D4-97CF-82BA50274AB8}.Release|x86.ActiveCfg = Release|Any CPU
		{3C925E36-5C8E-43D4-97CF-82BA50274AB8}.Release|x86.Build.0 = Release|Any CPU
		{FA8F6CAD-9328-45D2-9B92-F7402D917F5F}.Ad-Hoc|Any CPU.ActiveCfg = Release|Any CPU
		{FA8F6CAD-9328-45D2-9B92-F7402D917F5F}.Ad-Hoc|Any CPU.Build.0 = Release|Any CPU
		{FA8F6CAD-9328-45D2-9B92-F7402D917F5F}.Ad-Hoc|ARM.ActiveCfg = Release|Any CPU
		{FA8F6CAD-9328-45D2-9B92-F7402D917F5F}.Ad-Hoc|ARM.Build.0 = Release|Any CPU
		{FA8F6CAD-9328-45D2-9B92-F7402D917F5F}.Ad-Hoc|iPhone.ActiveCfg = Release|Any CPU
		{FA8F6CAD-9328-45D2-9B92-F7402D917F5F}.Ad-Hoc|iPhone.Build.0 = Release|Any CPU
		{FA8F6CAD-9328-45D2-9B92-F7402D917F5F}.Ad-Hoc|iPhoneSimulator.ActiveCfg = Release|Any CPU
		{FA8F6CAD-9328-45D2-9B92-F7402D917F5F}.Ad-Hoc|iPhoneSimulator.Build.0 = Release|Any CPU
		{FA8F6CAD-9328-45D2-9B92-F7402D917F5F}.Ad-Hoc|x64.ActiveCfg = Release|Any CPU
		{FA8F6CAD-9328-45D2-9B92-F7402D917F5F}.Ad-Hoc|x64.Build.0 = Release|Any CPU
		{FA8F6CAD-9328-45D2-9B92-F7402D917F5F}.Ad-Hoc|x86.ActiveCfg = Release|Any CPU
		{FA8F6CAD-9328-45D2-9B92-F7402D917F5F}.Ad-Hoc|x86.Build.0 = Release|Any CPU
		{FA8F6CAD-9328-45D2-9B92-F7402D917F5F}.AppStore|Any CPU.ActiveCfg = Release|Any CPU
		{FA8F6CAD-9328-45D2-9B92-F7402D917F5F}.AppStore|Any CPU.Build.0 = Release|Any CPU
		{FA8F6CAD-9328-45D2-9B92-F7402D917F5F}.AppStore|ARM.ActiveCfg = Release|Any CPU
		{FA8F6CAD-9328-45D2-9B92-F7402D917F5F}.AppStore|ARM.Build.0 = Release|Any CPU
		{FA8F6CAD-9328-45D2-9B92-F7402D917F5F}.AppStore|iPhone.ActiveCfg = Release|Any CPU
		{FA8F6CAD-9328-45D2-9B92-F7402D917F5F}.AppStore|iPhone.Build.0 = Release|Any CPU
		{FA8F6CAD-9328-45D2-9B92-F7402D917F5F}.AppStore|iPhoneSimulator.ActiveCfg = Release|Any CPU
		{FA8F6CAD-9328-45D2-9B92-F7402D917F5F}.AppStore|iPhoneSimulator.Build.0 = Release|Any CPU
		{FA8F6CAD-9328-45D2-9B92-F7402D917F5F}.AppStore|x64.ActiveCfg = Release|Any CPU
		{FA8F6CAD-9328-45D2-9B92-F7402D917F5F}.AppStore|x64.Build.0 = Release|Any CPU
		{FA8F6CAD-9328-45D2-9B92-F7402D917F5F}.AppStore|x86.ActiveCfg = Release|Any CPU
		{FA8F6CAD-9328-45D2-9B92-F7402D917F5F}.AppStore|x86.Build.0 = Release|Any CPU
		{FA8F6CAD-9328-45D2-9B92-F7402D917F5F}.Debug|Any CPU.ActiveCfg = Debug|Any CPU
		{FA8F6CAD-9328-45D2-9B92-F7402D917F5F}.Debug|Any CPU.Build.0 = Debug|Any CPU
		{FA8F6CAD-9328-45D2-9B92-F7402D917F5F}.Debug|ARM.ActiveCfg = Debug|Any CPU
		{FA8F6CAD-9328-45D2-9B92-F7402D917F5F}.Debug|ARM.Build.0 = Debug|Any CPU
		{FA8F6CAD-9328-45D2-9B92-F7402D917F5F}.Debug|iPhone.ActiveCfg = Debug|Any CPU
		{FA8F6CAD-9328-45D2-9B92-F7402D917F5F}.Debug|iPhone.Build.0 = Debug|Any CPU
		{FA8F6CAD-9328-45D2-9B92-F7402D917F5F}.Debug|iPhoneSimulator.ActiveCfg = Debug|Any CPU
		{FA8F6CAD-9328-45D2-9B92-F7402D917F5F}.Debug|iPhoneSimulator.Build.0 = Debug|Any CPU
		{FA8F6CAD-9328-45D2-9B92-F7402D917F5F}.Debug|x64.ActiveCfg = Debug|Any CPU
		{FA8F6CAD-9328-45D2-9B92-F7402D917F5F}.Debug|x64.Build.0 = Debug|Any CPU
		{FA8F6CAD-9328-45D2-9B92-F7402D917F5F}.Debug|x86.ActiveCfg = Debug|Any CPU
		{FA8F6CAD-9328-45D2-9B92-F7402D917F5F}.Debug|x86.Build.0 = Debug|Any CPU
		{FA8F6CAD-9328-45D2-9B92-F7402D917F5F}.Release|Any CPU.ActiveCfg = Release|Any CPU
		{FA8F6CAD-9328-45D2-9B92-F7402D917F5F}.Release|Any CPU.Build.0 = Release|Any CPU
		{FA8F6CAD-9328-45D2-9B92-F7402D917F5F}.Release|ARM.ActiveCfg = Release|Any CPU
		{FA8F6CAD-9328-45D2-9B92-F7402D917F5F}.Release|ARM.Build.0 = Release|Any CPU
		{FA8F6CAD-9328-45D2-9B92-F7402D917F5F}.Release|iPhone.ActiveCfg = Release|Any CPU
		{FA8F6CAD-9328-45D2-9B92-F7402D917F5F}.Release|iPhone.Build.0 = Release|Any CPU
		{FA8F6CAD-9328-45D2-9B92-F7402D917F5F}.Release|iPhoneSimulator.ActiveCfg = Release|Any CPU
		{FA8F6CAD-9328-45D2-9B92-F7402D917F5F}.Release|iPhoneSimulator.Build.0 = Release|Any CPU
		{FA8F6CAD-9328-45D2-9B92-F7402D917F5F}.Release|x64.ActiveCfg = Release|Any CPU
		{FA8F6CAD-9328-45D2-9B92-F7402D917F5F}.Release|x64.Build.0 = Release|Any CPU
		{FA8F6CAD-9328-45D2-9B92-F7402D917F5F}.Release|x86.ActiveCfg = Release|Any CPU
		{FA8F6CAD-9328-45D2-9B92-F7402D917F5F}.Release|x86.Build.0 = Release|Any CPU
	EndGlobalSection
	GlobalSection(SolutionProperties) = preSolution
		HideSolutionNode = FALSE
	EndGlobalSection
	GlobalSection(TeamFoundationVersionControl) = preSolution
		SccNumberOfProjects = 10
		SccEnterpriseProvider = {4CA58AB2-18FA-4F8D-95D4-32DDF27D184C}
		SccTeamFoundationServer = https://rcforerog.visualstudio.com/
		SccLocalPath0 = .
		SccProjectUniqueName1 = WSServimeterSGS\\WSServimeterSGS.csproj
		SccProjectName1 = WSServimeterSGS
		SccLocalPath1 = WSServimeterSGS
		SccProjectUniqueName2 = XamarinForms.PortableXaml\\XamarinForms.PortableXaml\\XamarinForms.PortableXaml.csproj
		SccProjectName2 = XamarinForms.PortableXaml/XamarinForms.PortableXaml
		SccLocalPath2 = XamarinForms.PortableXaml\\XamarinForms.PortableXaml
		SccProjectUniqueName3 = XamarinForms.PortableXaml\\XamarinForms.PortableXaml.Droid\\XamarinForms.PortableXaml.Droid.csproj
		SccProjectName3 = XamarinForms.PortableXaml/XamarinForms.PortableXaml.Droid
		SccLocalPath3 = XamarinForms.PortableXaml\\XamarinForms.PortableXaml.Droid
		SccProjectUniqueName4 = XamarinForms.PortableXaml\\XamarinForms.PortableXaml.iOS\\XamarinForms.PortableXaml.iOS.csproj
		SccProjectName4 = XamarinForms.PortableXaml/XamarinForms.PortableXaml.iOS
		SccLocalPath4 = XamarinForms.PortableXaml\\XamarinForms.PortableXaml.iOS
		SccProjectUniqueName5 = XamarinForms.PortableXaml\\XamarinForms.PortableXaml.UWP\\XamarinForms.PortableXaml.UWP.csproj
		SccProjectName5 = XamarinForms.PortableXaml/XamarinForms.PortableXaml.UWP
		SccLocalPath5 = XamarinForms.PortableXaml\\XamarinForms.PortableXaml.UWP
		SccProjectUniqueName6 = XamarinForms.PortableXaml\\XamarinForms.PortableXaml.Windows\\XamarinForms.PortableXaml.Windows.csproj
		SccProjectName6 = XamarinForms.PortableXaml/XamarinForms.PortableXaml.Windows
		SccLocalPath6 = XamarinForms.PortableXaml\\XamarinForms.PortableXaml.Windows
		SccProjectUniqueName7 = XamarinForms.PortableXaml\\XamarinForms.PortableXaml.WinPhone\\XamarinForms.PortableXaml.WinPhone.csproj
		SccProjectName7 = XamarinForms.PortableXaml/XamarinForms.PortableXaml.WinPhone
		SccLocalPath7 = XamarinForms.PortableXaml\\XamarinForms.PortableXaml.WinPhone
		SccProjectUniqueName8 = gea.dataaccess\\dataAccessLayer.csproj
		SccProjectName8 = gea.dataaccess
		SccLocalPath8 = gea.dataaccess
		SccProjectUniqueName9 = ModelLayer\\ModelLayer.csproj
		SccProjectName9 = ModelLayer
		SccLocalPath9 = ModelLayer
	EndGlobalSection
EndGlobal
